// !$*UTF8*$!
{
	archiveVersion = 1;
	classes = {
	};
	objectVersion = 55;
	objects = {

/* Begin PBXBuildFile section */
		7808E08F277D56D0006B68E9 /* Timer.swift in Sources */ = {isa = PBXBuildFile; fileRef = 7808E08E277D56D0006B68E9 /* Timer.swift */; };
		7808E091277D570A006B68E9 /* TimerView.swift in Sources */ = {isa = PBXBuildFile; fileRef = 7808E090277D570A006B68E9 /* TimerView.swift */; };
		7808E09D2782D47C006B68E9 /* Main.storyboard in Resources */ = {isa = PBXBuildFile; fileRef = 7808E09C2782D47C006B68E9 /* Main.storyboard */; };
		7828675A2766765E0060A2CD /* AppDelegate.swift in Sources */ = {isa = PBXBuildFile; fileRef = 782867592766765E0060A2CD /* AppDelegate.swift */; };
		7828675C2766765E0060A2CD /* SceneDelegate.swift in Sources */ = {isa = PBXBuildFile; fileRef = 7828675B2766765E0060A2CD /* SceneDelegate.swift */; };
		7828675E2766765E0060A2CD /* ViewController.swift in Sources */ = {isa = PBXBuildFile; fileRef = 7828675D2766765E0060A2CD /* ViewController.swift */; };
		782867642766765E0060A2CD /* Pomidor11.xcdatamodeld in Sources */ = {isa = PBXBuildFile; fileRef = 782867622766765E0060A2CD /* Pomidor11.xcdatamodeld */; };
		78286766276676610060A2CD /* Assets.xcassets in Resources */ = {isa = PBXBuildFile; fileRef = 78286765276676610060A2CD /* Assets.xcassets */; };
/* End PBXBuildFile section */

/* Begin PBXFileReference section */
		7808E08E277D56D0006B68E9 /* Timer.swift */ = {isa = PBXFileReference; lastKnownFileType = sourcecode.swift; path = Timer.swift; sourceTree = "<group>"; };
		7808E090277D570A006B68E9 /* TimerView.swift */ = {isa = PBXFileReference; lastKnownFileType = sourcecode.swift; path = TimerView.swift; sourceTree = "<group>"; };
		7808E09C2782D47C006B68E9 /* Main.storyboard */ = {isa = PBXFileReference; lastKnownFileType = file.storyboard; path = Main.storyboard; sourceTree = "<group>"; };
		782867562766765E0060A2CD /* Pomidor11.app */ = {isa = PBXFileReference; explicitFileType = wrapper.application; includeInIndex = 0; path = Pomidor11.app; sourceTree = BUILT_PRODUCTS_DIR; };
		782867592766765E0060A2CD /* AppDelegate.swift */ = {isa = PBXFileReference; lastKnownFileType = sourcecode.swift; path = AppDelegate.swift; sourceTree = "<group>"; };
		7828675B2766765E0060A2CD /* SceneDelegate.swift */ = {isa = PBXFileReference; lastKnownFileType = sourcecode.swift; path = SceneDelegate.swift; sourceTree = "<group>"; };
		7828675D2766765E0060A2CD /* ViewController.swift */ = {isa = PBXFileReference; lastKnownFileType = sourcecode.swift; path = ViewController.swift; sourceTree = "<group>"; };
		782867632766765E0060A2CD /* Pomidor11.xcdatamodel */ = {isa = PBXFileReference; lastKnownFileType = wrapper.xcdatamodel; path = Pomidor11.xcdatamodel; sourceTree = "<group>"; };
		78286765276676610060A2CD /* Assets.xcassets */ = {isa = PBXFileReference; lastKnownFileType = folder.assetcatalog; path = Assets.xcassets; sourceTree = "<group>"; };
		7828676A276676610060A2CD /* Info.plist */ = {isa = PBXFileReference; lastKnownFileType = text.plist.xml; path = Info.plist; sourceTree = "<group>"; };
/* End PBXFileReference section */

/* Begin PBXFrameworksBuildPhase section */
		782867532766765D0060A2CD /* Frameworks */ = {
			isa = PBXFrameworksBuildPhase;
			buildActionMask = 2147483647;
			files = (
			);
			runOnlyForDeploymentPostprocessing = 0;
		};
/* End PBXFrameworksBuildPhase section */

/* Begin PBXGroup section */
		7808E087277D55EC006B68E9 /* Views */ = {
			isa = PBXGroup;
			children = (
				7808E090277D570A006B68E9 /* TimerView.swift */,
			);
			name = Views;
			sourceTree = "<group>";
		};
		7808E08B277D5654006B68E9 /* Models */ = {
			isa = PBXGroup;
			children = (
				7808E08E277D56D0006B68E9 /* Timer.swift */,
			);
			path = Models;
			sourceTree = "<group>";
		};
		7808E08D277D5682006B68E9 /* Supporting Files */ = {
			isa = PBXGroup;
			children = (
				782867592766765E0060A2CD /* AppDelegate.swift */,
				7808E09C2782D47C006B68E9 /* Main.storyboard */,
				7828675B2766765E0060A2CD /* SceneDelegate.swift */,
				78286765276676610060A2CD /* Assets.xcassets */,
				7828676A276676610060A2CD /* Info.plist */,
				782867622766765E0060A2CD /* Pomidor11.xcdatamodeld */,
			);
			name = "Supporting Files";
			sourceTree = "<group>";
		};
		7808E092277D572A006B68E9 /* ViewModels */ = {
			isa = PBXGroup;
			children = (
				7828675D2766765E0060A2CD /* ViewController.swift */,
			);
			path = ViewModels;
			sourceTree = "<group>";
		};
		7808E097277D5A04006B68E9 /* Core */ = {
			isa = PBXGroup;
			children = (
				7808E08B277D5654006B68E9 /* Models */,
				7808E087277D55EC006B68E9 /* Views */,
				7808E092277D572A006B68E9 /* ViewModels */,
				7808E08D277D5682006B68E9 /* Supporting Files */,
			);
			name = Core;
			sourceTree = "<group>";
		};
		7808E098277D5A0D006B68E9 /* Other */ = {
			isa = PBXGroup;
			children = (
				7808E099277D5A1F006B68E9 /* Models */,
				7808E09A277D5A24006B68E9 /* Views */,
				7808E09B277D5A2E006B68E9 /* ViewModels */,
			);
			path = Other;
			sourceTree = "<group>";
		};
		7808E099277D5A1F006B68E9 /* Models */ = {
			isa = PBXGroup;
			children = (
			);
			name = Models;
			sourceTree = "<group>";
		};
		7808E09A277D5A24006B68E9 /* Views */ = {
			isa = PBXGroup;
			children = (
			);
			path = Views;
			sourceTree = "<group>";
		};
		7808E09B277D5A2E006B68E9 /* ViewModels */ = {
			isa = PBXGroup;
			children = (
			);
			name = ViewModels;
			path = Other;
			sourceTree = "<group>";
		};
		7828674D2766765D0060A2CD = {
			isa = PBXGroup;
			children = (
				782867582766765E0060A2CD /* Pomidor11 */,
				782867572766765E0060A2CD /* Products */,
			);
			sourceTree = "<group>";
		};
		782867572766765E0060A2CD /* Products */ = {
			isa = PBXGroup;
			children = (
				782867562766765E0060A2CD /* Pomidor11.app */,
			);
			name = Products;
			sourceTree = "<group>";
		};
		782867582766765E0060A2CD /* Pomidor11 */ = {
			isa = PBXGroup;
			children = (
				7808E097277D5A04006B68E9 /* Core */,
				7808E098277D5A0D006B68E9 /* Other */,
			);
			path = Pomidor11;
			sourceTree = "<group>";
		};
/* End PBXGroup section */

/* Begin PBXNativeTarget section */
		782867552766765D0060A2CD /* Pomidor11 */ = {
			isa = PBXNativeTarget;
			buildConfigurationList = 7828676D276676610060A2CD /* Build configuration list for PBXNativeTarget "Pomidor11" */;
			buildPhases = (
				782867522766765D0060A2CD /* Sources */,
				782867532766765D0060A2CD /* Frameworks */,
				782867542766765D0060A2CD /* Resources */,
			);
			buildRules = (
			);
			dependencies = (
			);
			name = Pomidor11;
			productName = Pomidor11;
			productReference = 782867562766765E0060A2CD /* Pomidor11.app */;
			productType = "com.apple.product-type.application";
		};
/* End PBXNativeTarget section */

/* Begin PBXProject section */
		7828674E2766765D0060A2CD /* Project object */ = {
			isa = PBXProject;
			attributes = {
				BuildIndependentTargetsInParallel = 1;
				LastSwiftUpdateCheck = 1310;
				LastUpgradeCheck = 1310;
				TargetAttributes = {
					782867552766765D0060A2CD = {
						CreatedOnToolsVersion = 13.1;
					};
				};
			};
			buildConfigurationList = 782867512766765D0060A2CD /* Build configuration list for PBXProject "Pomidor11" */;
			compatibilityVersion = "Xcode 13.0";
			developmentRegion = en;
			hasScannedForEncodings = 0;
			knownRegions = (
				en,
				Base,
			);
			mainGroup = 7828674D2766765D0060A2CD;
			productRefGroup = 782867572766765E0060A2CD /* Products */;
			projectDirPath = "";
			projectRoot = "";
			targets = (
				782867552766765D0060A2CD /* Pomidor11 */,
			);
		};
/* End PBXProject section */

/* Begin PBXResourcesBuildPhase section */
		782867542766765D0060A2CD /* Resources */ = {
			isa = PBXResourcesBuildPhase;
			buildActionMask = 2147483647;
			files = (
				78286766276676610060A2CD /* Assets.xcassets in Resources */,
				7808E09D2782D47C006B68E9 /* Main.storyboard in Resources */,
			);
			runOnlyForDeploymentPostprocessing = 0;
		};
/* End PBXResourcesBuildPhase section */

/* Begin PBXSourcesBuildPhase section */
		782867522766765D0060A2CD /* Sources */ = {
			isa = PBXSourcesBuildPhase;
			buildActionMask = 2147483647;
			files = (
				7808E091277D570A006B68E9 /* TimerView.swift in Sources */,
				7828675E2766765E0060A2CD /* ViewController.swift in Sources */,
				7828675A2766765E0060A2CD /* AppDelegate.swift in Sources */,
				782867642766765E0060A2CD /* Pomidor11.xcdatamodeld in Sources */,
				7808E08F277D56D0006B68E9 /* Timer.swift in Sources */,
				7828675C2766765E0060A2CD /* SceneDelegate.swift in Sources */,
			);
			runOnlyForDeploymentPostprocessing = 0;
		};
/* End PBXSourcesBuildPhase section */

/* Begin XCBuildConfiguration section */
		7828676B276676610060A2CD /* Debug */ = {
			isa = XCBuildConfiguration;
			buildSettings = {
				ALWAYS_SEARCH_USER_PATHS = NO;
				CLANG_ANALYZER_NONNULL = YES;
				CLANG_ANALYZER_NUMBER_OBJECT_CONVERSION = YES_AGGRESSIVE;
				CLANG_CXX_LANGUAGE_STANDARD = "gnu++17";
				CLANG_CXX_LIBRARY = "libc++";
				CLANG_ENABLE_MODULES = YES;
				CLANG_ENABLE_OBJC_ARC = YES;
				CLANG_ENABLE_OBJC_WEAK = YES;
				CLANG_WARN_BLOCK_CAPTURE_AUTORELEASING = YES;
				CLANG_WARN_BOOL_CONVERSION = YES;
				CLANG_WARN_COMMA = YES;
				CLANG_WARN_CONSTANT_CONVERSION = YES;
				CLANG_WARN_DEPRECATED_OBJC_IMPLEMENTATIONS = YES;
				CLANG_WARN_DIRECT_OBJC_ISA_USAGE = YES_ERROR;
				CLANG_WARN_DOCUMENTATION_COMMENTS = YES;
				CLANG_WARN_EMPTY_BODY = YES;
				CLANG_WARN_ENUM_CONVERSION = YES;
				CLANG_WARN_INFINITE_RECURSION = YES;
				CLANG_WARN_INT_CONVERSION = YES;
				CLANG_WARN_NON_LITERAL_NULL_CONVERSION = YES;
				CLANG_WARN_OBJC_IMPLICIT_RETAIN_SELF = YES;
				CLANG_WARN_OBJC_LITERAL_CONVERSION = YES;
				CLANG_WARN_OBJC_ROOT_CLASS = YES_ERROR;
				CLANG_WARN_QUOTED_INCLUDE_IN_FRAMEWORK_HEADER = YES;
				CLANG_WARN_RANGE_LOOP_ANALYSIS = YES;
				CLANG_WARN_STRICT_PROTOTYPES = YES;
				CLANG_WARN_SUSPICIOUS_MOVE = YES;
				CLANG_WARN_UNGUARDED_AVAILABILITY = YES_AGGRESSIVE;
				CLANG_WARN_UNREACHABLE_CODE = YES;
				CLANG_WARN__DUPLICATE_METHOD_MATCH = YES;
				COPY_PHASE_STRIP = NO;
				DEBUG_INFORMATION_FORMAT = dwarf;
				ENABLE_STRICT_OBJC_MSGSEND = YES;
				ENABLE_TESTABILITY = YES;
				GCC_C_LANGUAGE_STANDARD = gnu11;
				GCC_DYNAMIC_NO_PIC = NO;
				GCC_NO_COMMON_BLOCKS = YES;
				GCC_OPTIMIZATION_LEVEL = 0;
				GCC_PREPROCESSOR_DEFINITIONS = (
					"DEBUG=1",
					"$(inherited)",
				);
				GCC_WARN_64_TO_32_BIT_CONVERSION = YES;
				GCC_WARN_ABOUT_RETURN_TYPE = YES_ERROR;
				GCC_WARN_UNDECLARED_SELECTOR = YES;
				GCC_WARN_UNINITIALIZED_AUTOS = YES_AGGRESSIVE;
				GCC_WARN_UNUSED_FUNCTION = YES;
				GCC_WARN_UNUSED_VARIABLE = YES;
				IPHONEOS_DEPLOYMENT_TARGET = 15.0;
				MTL_ENABLE_DEBUG_INFO = INCLUDE_SOURCE;
				MTL_FAST_MATH = YES;
				ONLY_ACTIVE_ARCH = YES;
				SDKROOT = iphoneos;
				SWIFT_ACTIVE_COMPILATION_CONDITIONS = DEBUG;
				SWIFT_OPTIMIZATION_LEVEL = "-Onone";
			};
			name = Debug;
		};
		7828676C276676610060A2CD /* Release */ = {
			isa = XCBuildConfiguration;
			buildSettings = {
				ALWAYS_SEARCH_USER_PATHS = NO;
				CLANG_ANALYZER_NONNULL = YES;
				CLANG_ANALYZER_NUMBER_OBJECT_CONVERSION = YES_AGGRESSIVE;
				CLANG_CXX_LANGUAGE_STANDARD = "gnu++17";
				CLANG_CXX_LIBRARY = "libc++";
				CLANG_ENABLE_MODULES = YES;
				CLANG_ENABLE_OBJC_ARC = YES;
				CLANG_ENABLE_OBJC_WEAK = YES;
				CLANG_WARN_BLOCK_CAPTURE_AUTORELEASING = YES;
				CLANG_WARN_BOOL_CONVERSION = YES;
				CLANG_WARN_COMMA = YES;
				CLANG_WARN_CONSTANT_CONVERSION = YES;
				CLANG_WARN_DEPRECATED_OBJC_IMPLEMENTATIONS = YES;
				CLANG_WARN_DIRECT_OBJC_ISA_USAGE = YES_ERROR;
				CLANG_WARN_DOCUMENTATION_COMMENTS = YES;
				CLANG_WARN_EMPTY_BODY = YES;
				CLANG_WARN_ENUM_CONVERSION = YES;
				CLANG_WARN_INFINITE_RECURSION = YES;
				CLANG_WARN_INT_CONVERSION = YES;
				CLANG_WARN_NON_LITERAL_NULL_CONVERSION = YES;
				CLANG_WARN_OBJC_IMPLICIT_RETAIN_SELF = YES;
				CLANG_WARN_OBJC_LITERAL_CONVERSION = YES;
				CLANG_WARN_OBJC_ROOT_CLASS = YES_ERROR;
				CLANG_WARN_QUOTED_INCLUDE_IN_FRAMEWORK_HEADER = YES;
				CLANG_WARN_RANGE_LOOP_ANALYSIS = YES;
				CLANG_WARN_STRICT_PROTOTYPES = YES;
				CLANG_WARN_SUSPICIOUS_MOVE = YES;
				CLANG_WARN_UNGUARDED_AVAILABILITY = YES_AGGRESSIVE;
				CLANG_WARN_UNREACHABLE_CODE = YES;
				CLANG_WARN__DUPLICATE_METHOD_MATCH = YES;
				COPY_PHASE_STRIP = NO;
				DEBUG_INFORMATION_FORMAT = "dwarf-with-dsym";
				ENABLE_NS_ASSERTIONS = NO;
				ENABLE_STRICT_OBJC_MSGSEND = YES;
				GCC_C_LANGUAGE_STANDARD = gnu11;
				GCC_NO_COMMON_BLOCKS = YES;
				GCC_WARN_64_TO_32_BIT_CONVERSION = YES;
				GCC_WARN_ABOUT_RETURN_TYPE = YES_ERROR;
				GCC_WARN_UNDECLARED_SELECTOR = YES;
				GCC_WARN_UNINITIALIZED_AUTOS = YES_AGGRESSIVE;
				GCC_WARN_UNUSED_FUNCTION = YES;
				GCC_WARN_UNUSED_VARIABLE = YES;
				IPHONEOS_DEPLOYMENT_TARGET = 15.0;
				MTL_ENABLE_DEBUG_INFO = NO;
				MTL_FAST_MATH = YES;
				SDKROOT = iphoneos;
				SWIFT_COMPILATION_MODE = wholemodule;
				SWIFT_OPTIMIZATION_LEVEL = "-O";
				VALIDATE_PRODUCT = YES;
			};
			name = Release;
		};
		7828676E276676610060A2CD /* Debug */ = {
			isa = XCBuildConfiguration;
			buildSettings = {
				ASSETCATALOG_COMPILER_APPICON_NAME = AppIcon;
				ASSETCATALOG_COMPILER_GLOBAL_ACCENT_COLOR_NAME = AccentColor;
				CODE_SIGN_STYLE = Automatic;
				CURRENT_PROJECT_VERSION = 1;
				DEVELOPMENT_TEAM = 2J2P8U7DX4;
				GENERATE_INFOPLIST_FILE = YES;
				INFOPLIST_FILE = Pomidor11/Info.plist;
				INFOPLIST_KEY_UIApplicationSupportsIndirectInputEvents = YES;
				INFOPLIST_KEY_UILaunchStoryboardName = LaunchScreen;
				INFOPLIST_KEY_UIMainStoryboardFile = Main;
				INFOPLIST_KEY_UISupportedInterfaceOrientations_iPad = "UIInterfaceOrientationPortrait UIInterfaceOrientationPortraitUpsideDown UIInterfaceOrientationLandscapeLeft UIInterfaceOrientationLandscapeRight";
				INFOPLIST_KEY_UISupportedInterfaceOrientations_iPhone = "UIInterfaceOrientationPortrait UIInterfaceOrientationLandscapeLeft UIInterfaceOrientationLandscapeRight";
				LD_RUNPATH_SEARCH_PATHS = (
					"$(inherited)",
					"@executable_path/Frameworks",
				);
				MARKETING_VERSION = 1.0;
				PRODUCT_BUNDLE_IDENTIFIER = IK.Pomidor11;
				PRODUCT_NAME = "$(TARGET_NAME)";
				SWIFT_EMIT_LOC_STRINGS = YES;
				SWIFT_VERSION = 5.0;
				TARGETED_DEVICE_FAMILY = "1,2";
			};
			name = Debug;
		};
		7828676F276676610060A2CD /* Release */ = {
			isa = XCBuildConfiguration;
			buildSettings = {
				ASSETCATALOG_COMPILER_APPICON_NAME = AppIcon;
				ASSETCATALOG_COMPILER_GLOBAL_ACCENT_COLOR_NAME = AccentColor;
				CODE_SIGN_STYLE = Automatic;
				CURRENT_PROJECT_VERSION = 1;
				DEVELOPMENT_TEAM = 2J2P8U7DX4;
				GENERATE_INFOPLIST_FILE = YES;
				INFOPLIST_FILE = Pomidor11/Info.plist;
				INFOPLIST_KEY_UIApplicationSupportsIndirectInputEvents = YES;
				INFOPLIST_KEY_UILaunchStoryboardName = LaunchScreen;
				INFOPLIST_KEY_UIMainStoryboardFile = Main;
				INFOPLIST_KEY_UISupportedInterfaceOrientations_iPad = "UIInterfaceOrientationPortrait UIInterfaceOrientationPortraitUpsideDown UIInterfaceOrientationLandscapeLeft UIInterfaceOrientationLandscapeRight";
				INFOPLIST_KEY_UISupportedInterfaceOrientations_iPhone = "UIInterfaceOrientationPortrait UIInterfaceOrientationLandscapeLeft UIInterfaceOrientationLandscapeRight";
				LD_RUNPATH_SEARCH_PATHS = (
					"$(inherited)",
					"@executable_path/Frameworks",
				);
				MARKETING_VERSION = 1.0;
				PRODUCT_BUNDLE_IDENTIFIER = IK.Pomidor11;
				PRODUCT_NAME = "$(TARGET_NAME)";
				SWIFT_EMIT_LOC_STRINGS = YES;
				SWIFT_VERSION = 5.0;
				TARGETED_DEVICE_FAMILY = "1,2";
			};
			name = Release;
		};
/* End XCBuildConfiguration section */

/* Begin XCConfigurationList section */
		782867512766765D0060A2CD /* Build configuration list for PBXProject "Pomidor11" */ = {
			isa = XCConfigurationList;
			buildConfigurations = (
				7828676B276676610060A2CD /* Debug */,
				7828676C276676610060A2CD /* Release */,
			);
			defaultConfigurationIsVisible = 0;
			defaultConfigurationName = Release;
		};
		7828676D276676610060A2CD /* Build configuration list for PBXNativeTarget "Pomidor11" */ = {
			isa = XCConfigurationList;
			buildConfigurations = (
				7828676E276676610060A2CD /* Debug */,
				7828676F276676610060A2CD /* Release */,
			);
			defaultConfigurationIsVisible = 0;
			defaultConfigurationName = Release;
		};
/* End XCConfigurationList section */

/* Begin XCVersionGroup section */
		782867622766765E0060A2CD /* Pomidor11.xcdatamodeld */ = {
			isa = XCVersionGroup;
			children = (
				782867632766765E0060A2CD /* Pomidor11.xcdatamodel */,
			);
			currentVersion = 782867632766765E0060A2CD /* Pomidor11.xcdatamodel */;
			path = Pomidor11.xcdatamodeld;
			sourceTree = "<group>";
			versionGroupType = wrapper.xcdatamodel;
		};
/* End XCVersionGroup section */
	};
	rootObject = 7828674E2766765D0060A2CD /* Project object */;
}
